
Microsoft Visual Studio Solution File, Format Version 12.00
# Visual Studio Version 17
VisualStudioVersion = 17.10.34916.146
MinimumVisualStudioVersion = 10.0.40219.1
Project("{FAE04EC0-301F-11D3-BF4B-00C04F79EFBC}") = "SystemMonitor", "SystemMonitor\SystemMonitor.csproj", "{DBF5C158-E775-4498-ACBF-02A2D58F08EC}"
EndProject
Global
	GlobalSection(SolutionConfigurationPlatforms) = preSolution
		Debug|Any CPU = Debug|Any CPU
		Release|Any CPU = Release|Any CPU
	EndGlobalSection
	GlobalSection(ProjectConfigurationPlatforms) = postSolution
		{DBF5C158-E775-4498-ACBF-02A2D58F08EC}.Debug|Any CPU.ActiveCfg = Debug|Any CPU
		{DBF5C158-E775-4498-ACBF-02A2D58F08EC}.Debug|Any CPU.Build.0 = Debug|Any CPU
		{DBF5C158-E775-4498-ACBF-02A2D58F08EC}.Release|Any CPU.ActiveCfg = Release|Any CPU
		{DBF5C158-E775-4498-ACBF-02A2D58F08EC}.Release|Any CPU.Build.0 = Release|Any CPU
	EndGlobalSection
	GlobalSection(SolutionProperties) = preSolution
		HideSolutionNode = FALSE
	EndGlobalSection
	GlobalSection(ExtensibilityGlobals) = postSolution
		SolutionGuid = {4F007389-60B7-4818-AFA8-6C8BB7849F6C}
	EndGlobalSection
EndGlobal
